
Microsoft Visual Studio Solution File, Format Version 12.00
# Visual Studio 14
VisualStudioVersion = 14.0.25123.0
MinimumVisualStudioVersion = 10.0.40219.1
Project("{F2A71F9B-5D33-465A-A702-920D77279786}") = "Kafe.Core", "Kafe\Kafe.Core.fsproj", "{2F15BF32-9671-43FC-A261-C951B2A1898E}"
EndProject
Project("{F2A71F9B-5D33-465A-A702-920D77279786}") = "Kafe.Core.Tests", "Kafe.Core.Tests\Kafe.Core.Tests.fsproj", "{2CE21902-48FB-4CCE-8075-0D9809F5184C}"
EndProject
Project("{F2A71F9B-5D33-465A-A702-920D77279786}") = "Kafe.Persistence", "Kafe.Persistence\Kafe.Persistence.fsproj", "{32445C5F-5D64-425D-991D-B444E959396E}"
EndProject
Project("{F2A71F9B-5D33-465A-A702-920D77279786}") = "Kafe.Persistence.InMemory", "Kafe.Persistence.InMemory\Kafe.Persistence.InMemory.fsproj", "{C3598F0A-965A-40BB-A259-89BB5DF9F1FE}"
EndProject
Project("{F2A71F9B-5D33-465A-A702-920D77279786}") = "Kafe.Commands.Api", "Kafe.Commands.Api\Kafe.Commands.Api.fsproj", "{E929FACE-C67C-439F-8477-124E6AE08244}"
EndProject
Project("{F2A71F9B-5D33-465A-A702-920D77279786}") = "Kafe.Web", "Kafe.Web\Kafe.Web.fsproj", "{D952DD41-E136-453A-A1BF-F7727706C1A5}"
EndProject
Global
	GlobalSection(SolutionConfigurationPlatforms) = preSolution
		Debug|Any CPU = Debug|Any CPU
		Release|Any CPU = Release|Any CPU
	EndGlobalSection
	GlobalSection(ProjectConfigurationPlatforms) = postSolution
		{2F15BF32-9671-43FC-A261-C951B2A1898E}.Debug|Any CPU.ActiveCfg = Debug|Any CPU
		{2F15BF32-9671-43FC-A261-C951B2A1898E}.Debug|Any CPU.Build.0 = Debug|Any CPU
		{2F15BF32-9671-43FC-A261-C951B2A1898E}.Release|Any CPU.ActiveCfg = Release|Any CPU
		{2F15BF32-9671-43FC-A261-C951B2A1898E}.Release|Any CPU.Build.0 = Release|Any CPU
		{2CE21902-48FB-4CCE-8075-0D9809F5184C}.Debug|Any CPU.ActiveCfg = Debug|Any CPU
		{2CE21902-48FB-4CCE-8075-0D9809F5184C}.Debug|Any CPU.Build.0 = Debug|Any CPU
		{2CE21902-48FB-4CCE-8075-0D9809F5184C}.Release|Any CPU.ActiveCfg = Release|Any CPU
		{2CE21902-48FB-4CCE-8075-0D9809F5184C}.Release|Any CPU.Build.0 = Release|Any CPU
		{32445C5F-5D64-425D-991D-B444E959396E}.Debug|Any CPU.ActiveCfg = Debug|Any CPU
		{32445C5F-5D64-425D-991D-B444E959396E}.Debug|Any CPU.Build.0 = Debug|Any CPU
		{32445C5F-5D64-425D-991D-B444E959396E}.Release|Any CPU.ActiveCfg = Release|Any CPU
		{32445C5F-5D64-425D-991D-B444E959396E}.Release|Any CPU.Build.0 = Release|Any CPU
		{C3598F0A-965A-40BB-A259-89BB5DF9F1FE}.Debug|Any CPU.ActiveCfg = Debug|Any CPU
		{C3598F0A-965A-40BB-A259-89BB5DF9F1FE}.Debug|Any CPU.Build.0 = Debug|Any CPU
		{C3598F0A-965A-40BB-A259-89BB5DF9F1FE}.Release|Any CPU.ActiveCfg = Release|Any CPU
		{C3598F0A-965A-40BB-A259-89BB5DF9F1FE}.Release|Any CPU.Build.0 = Release|Any CPU
		{E929FACE-C67C-439F-8477-124E6AE08244}.Debug|Any CPU.ActiveCfg = Debug|Any CPU
		{E929FACE-C67C-439F-8477-124E6AE08244}.Debug|Any CPU.Build.0 = Debug|Any CPU
		{E929FACE-C67C-439F-8477-124E6AE08244}.Release|Any CPU.ActiveCfg = Release|Any CPU
		{E929FACE-C67C-439F-8477-124E6AE08244}.Release|Any CPU.Build.0 = Release|Any CPU
		{D952DD41-E136-453A-A1BF-F7727706C1A5}.Debug|Any CPU.ActiveCfg = Debug|Any CPU
		{D952DD41-E136-453A-A1BF-F7727706C1A5}.Debug|Any CPU.Build.0 = Debug|Any CPU
		{D952DD41-E136-453A-A1BF-F7727706C1A5}.Release|Any CPU.ActiveCfg = Release|Any CPU
		{D952DD41-E136-453A-A1BF-F7727706C1A5}.Release|Any CPU.Build.0 = Release|Any CPU
	EndGlobalSection
	GlobalSection(SolutionProperties) = preSolution
		HideSolutionNode = FALSE
	EndGlobalSection
EndGlobal
